
Microsoft Visual Studio Solution File, Format Version 12.00
# Visual Studio Version 17
VisualStudioVersion = 17.10.35013.160
MinimumVisualStudioVersion = 10.0.40219.1
Project("{FAE04EC0-301F-11D3-BF4B-00C04F79EFBC}") = "Week3_CompositePattern", "Week3_CompositePattern.csproj", "{2008CD61-0965-493B-83FA-6D9CB3F19DD5}"
EndProject
Global
	GlobalSection(SolutionConfigurationPlatforms) = preSolution
		Debug|Any CPU = Debug|Any CPU
		Release|Any CPU = Release|Any CPU
	EndGlobalSection
	GlobalSection(ProjectConfigurationPlatforms) = postSolution
		{2008CD61-0965-493B-83FA-6D9CB3F19DD5}.Debug|Any CPU.ActiveCfg = Debug|Any CPU
		{2008CD61-0965-493B-83FA-6D9CB3F19DD5}.Debug|Any CPU.Build.0 = Debug|Any CPU
		{2008CD61-0965-493B-83FA-6D9CB3F19DD5}.Release|Any CPU.ActiveCfg = Release|Any CPU
		{2008CD61-0965-493B-83FA-6D9CB3F19DD5}.Release|Any CPU.Build.0 = Release|Any CPU
	EndGlobalSection
	GlobalSection(SolutionProperties) = preSolution
		HideSolutionNode = FALSE
	EndGlobalSection
	GlobalSection(ExtensibilityGlobals) = postSolution
		SolutionGuid = {485EB682-4411-44ED-BECD-21563D9B039C}
	EndGlobalSection
EndGlobal
